// !$*UTF8*$!
{
	archiveVersion = 1;
	classes = {
	};
	objectVersion = 50;
	objects = {

/* Begin PBXBuildFile section */
		1F7C063D2675249A00923DA4 /* RecipeAppApp.swift in Sources */ = {isa = PBXBuildFile; fileRef = 1F7C063C2675249A00923DA4 /* RecipeAppApp.swift */; };
		1F7C063F2675249A00923DA4 /* ContentView.swift in Sources */ = {isa = PBXBuildFile; fileRef = 1F7C063E2675249A00923DA4 /* ContentView.swift */; };
		1F7C06412675249B00923DA4 /* Assets.xcassets in Resources */ = {isa = PBXBuildFile; fileRef = 1F7C06402675249B00923DA4 /* Assets.xcassets */; };
		1F7C06442675249B00923DA4 /* Preview Assets.xcassets in Resources */ = {isa = PBXBuildFile; fileRef = 1F7C06432675249B00923DA4 /* Preview Assets.xcassets */; };
		1F7C06512675259B00923DA4 /* recipes.json in Resources */ = {isa = PBXBuildFile; fileRef = 1F7C06502675259B00923DA4 /* recipes.json */; };
		1F7C06532675261D00923DA4 /* Recipe.swift in Sources */ = {isa = PBXBuildFile; fileRef = 1F7C06522675261D00923DA4 /* Recipe.swift */; };
		1F7C0655267527B900923DA4 /* RecipeModel.swift in Sources */ = {isa = PBXBuildFile; fileRef = 1F7C0654267527B900923DA4 /* RecipeModel.swift */; };
		1F7C06572675340400923DA4 /* DataService.swift in Sources */ = {isa = PBXBuildFile; fileRef = 1F7C06562675340400923DA4 /* DataService.swift */; };
		1F7C065926753F6000923DA4 /* RecipeDetail.swift in Sources */ = {isa = PBXBuildFile; fileRef = 1F7C065826753F6000923DA4 /* RecipeDetail.swift */; };
		1FD83F57268688E2005132E3 /* RecipeTabView.swift in Sources */ = {isa = PBXBuildFile; fileRef = 1FD83F56268688E2005132E3 /* RecipeTabView.swift */; };
/* End PBXBuildFile section */

/* Begin PBXFileReference section */
		1F7C06392675249A00923DA4 /* RecipeApp.app */ = {isa = PBXFileReference; explicitFileType = wrapper.application; includeInIndex = 0; path = RecipeApp.app; sourceTree = BUILT_PRODUCTS_DIR; };
		1F7C063C2675249A00923DA4 /* RecipeAppApp.swift */ = {isa = PBXFileReference; lastKnownFileType = sourcecode.swift; path = RecipeAppApp.swift; sourceTree = "<group>"; };
		1F7C063E2675249A00923DA4 /* ContentView.swift */ = {isa = PBXFileReference; lastKnownFileType = sourcecode.swift; path = ContentView.swift; sourceTree = "<group>"; };
		1F7C06402675249B00923DA4 /* Assets.xcassets */ = {isa = PBXFileReference; lastKnownFileType = folder.assetcatalog; path = Assets.xcassets; sourceTree = "<group>"; };
		1F7C06432675249B00923DA4 /* Preview Assets.xcassets */ = {isa = PBXFileReference; lastKnownFileType = folder.assetcatalog; path = "Preview Assets.xcassets"; sourceTree = "<group>"; };
		1F7C06452675249B00923DA4 /* Info.plist */ = {isa = PBXFileReference; lastKnownFileType = text.plist.xml; path = Info.plist; sourceTree = "<group>"; };
		1F7C06502675259B00923DA4 /* recipes.json */ = {isa = PBXFileReference; fileEncoding = 4; lastKnownFileType = text.json; path = recipes.json; sourceTree = "<group>"; };
		1F7C06522675261D00923DA4 /* Recipe.swift */ = {isa = PBXFileReference; lastKnownFileType = sourcecode.swift; name = Recipe.swift; path = RecipeApp/Recipe.swift; sourceTree = SOURCE_ROOT; };
		1F7C0654267527B900923DA4 /* RecipeModel.swift */ = {isa = PBXFileReference; lastKnownFileType = sourcecode.swift; name = RecipeModel.swift; path = RecipeApp/RecipeModel.swift; sourceTree = SOURCE_ROOT; };
		1F7C06562675340400923DA4 /* DataService.swift */ = {isa = PBXFileReference; lastKnownFileType = sourcecode.swift; path = DataService.swift; sourceTree = "<group>"; };
		1F7C065826753F6000923DA4 /* RecipeDetail.swift */ = {isa = PBXFileReference; lastKnownFileType = sourcecode.swift; path = RecipeDetail.swift; sourceTree = "<group>"; };
		1FD83F56268688E2005132E3 /* RecipeTabView.swift */ = {isa = PBXFileReference; lastKnownFileType = sourcecode.swift; path = RecipeTabView.swift; sourceTree = "<group>"; };
/* End PBXFileReference section */

/* Begin PBXFrameworksBuildPhase section */
		1F7C06362675249A00923DA4 /* Frameworks */ = {
			isa = PBXFrameworksBuildPhase;
			buildActionMask = 2147483647;
			files = (
			);
			runOnlyForDeploymentPostprocessing = 0;
		};
/* End PBXFrameworksBuildPhase section */

/* Begin PBXGroup section */
		1F7C06302675249A00923DA4 = {
			isa = PBXGroup;
			children = (
				1F7C063B2675249A00923DA4 /* RecipeApp */,
				1F7C063A2675249A00923DA4 /* Products */,
			);
			sourceTree = "<group>";
		};
		1F7C063A2675249A00923DA4 /* Products */ = {
			isa = PBXGroup;
			children = (
				1F7C06392675249A00923DA4 /* RecipeApp.app */,
			);
			name = Products;
			sourceTree = "<group>";
		};
		1F7C063B2675249A00923DA4 /* RecipeApp */ = {
			isa = PBXGroup;
			children = (
				1F7C063C2675249A00923DA4 /* RecipeAppApp.swift */,
				1F7C064F267524E600923DA4 /* Services */,
				1F7C064E267524DA00923DA4 /* Data */,
				1F7C064D267524D100923DA4 /* Models */,
				1F7C064C267524C500923DA4 /* ViewModel */,
				1F7C064B267524AD00923DA4 /* Views */,
				1F7C06402675249B00923DA4 /* Assets.xcassets */,
				1F7C06452675249B00923DA4 /* Info.plist */,
				1F7C06422675249B00923DA4 /* Preview Content */,
			);
			path = RecipeApp;
			sourceTree = "<group>";
		};
		1F7C06422675249B00923DA4 /* Preview Content */ = {
			isa = PBXGroup;
			children = (
				1F7C06432675249B00923DA4 /* Preview Assets.xcassets */,
			);
			path = "Preview Content";
			sourceTree = "<group>";
		};
		1F7C064B267524AD00923DA4 /* Views */ = {
			isa = PBXGroup;
			children = (
				1F7C063E2675249A00923DA4 /* ContentView.swift */,
				1F7C065826753F6000923DA4 /* RecipeDetail.swift */,
				1FD83F56268688E2005132E3 /* RecipeTabView.swift */,
			);
			path = Views;
			sourceTree = "<group>";
		};
		1F7C064C267524C500923DA4 /* ViewModel */ = {
			isa = PBXGroup;
			children = (
				1F7C0654267527B900923DA4 /* RecipeModel.swift */,
			);
			path = ViewModel;
			sourceTree = "<group>";
		};
		1F7C064D267524D100923DA4 /* Models */ = {
			isa = PBXGroup;
			children = (
				1F7C06522675261D00923DA4 /* Recipe.swift */,
			);
			path = Models;
			sourceTree = "<group>";
		};
		1F7C064E267524DA00923DA4 /* Data */ = {
			isa = PBXGroup;
			children = (
				1F7C06502675259B00923DA4 /* recipes.json */,
			);
			path = Data;
			sourceTree = "<group>";
		};
		1F7C064F267524E600923DA4 /* Services */ = {
			isa = PBXGroup;
			children = (
				1F7C06562675340400923DA4 /* DataService.swift */,
			);
			path = Services;
			sourceTree = "<group>";
		};
/* End PBXGroup section */

/* Begin PBXNativeTarget section */
		1F7C06382675249A00923DA4 /* RecipeApp */ = {
			isa = PBXNativeTarget;
			buildConfigurationList = 1F7C06482675249B00923DA4 /* Build configuration list for PBXNativeTarget "RecipeApp" */;
			buildPhases = (
				1F7C06352675249A00923DA4 /* Sources */,
				1F7C06362675249A00923DA4 /* Frameworks */,
				1F7C06372675249A00923DA4 /* Resources */,
			);
			buildRules = (
			);
			dependencies = (
			);
			name = RecipeApp;
			productName = RecipeApp;
			productReference = 1F7C06392675249A00923DA4 /* RecipeApp.app */;
			productType = "com.apple.product-type.application";
		};
/* End PBXNativeTarget section */

/* Begin PBXProject section */
		1F7C06312675249A00923DA4 /* Project object */ = {
			isa = PBXProject;
			attributes = {
				LastSwiftUpdateCheck = 1250;
				LastUpgradeCheck = 1250;
				TargetAttributes = {
					1F7C06382675249A00923DA4 = {
						CreatedOnToolsVersion = 12.5;
					};
				};
			};
			buildConfigurationList = 1F7C06342675249A00923DA4 /* Build configuration list for PBXProject "RecipeApp" */;
			compatibilityVersion = "Xcode 9.3";
			developmentRegion = en;
			hasScannedForEncodings = 0;
			knownRegions = (
				en,
				Base,
			);
			mainGroup = 1F7C06302675249A00923DA4;
			productRefGroup = 1F7C063A2675249A00923DA4 /* Products */;
			projectDirPath = "";
			projectRoot = "";
			targets = (
				1F7C06382675249A00923DA4 /* RecipeApp */,
			);
		};
/* End PBXProject section */

/* Begin PBXResourcesBuildPhase section */
		1F7C06372675249A00923DA4 /* Resources */ = {
			isa = PBXResourcesBuildPhase;
			buildActionMask = 2147483647;
			files = (
				1F7C06442675249B00923DA4 /* Preview Assets.xcassets in Resources */,
				1F7C06512675259B00923DA4 /* recipes.json in Resources */,
				1F7C06412675249B00923DA4 /* Assets.xcassets in Resources */,
			);
			runOnlyForDeploymentPostprocessing = 0;
		};
/* End PBXResourcesBuildPhase section */

/* Begin PBXSourcesBuildPhase section */
		1F7C06352675249A00923DA4 /* Sources */ = {
			isa = PBXSourcesBuildPhase;
			buildActionMask = 2147483647;
			files = (
				1F7C06532675261D00923DA4 /* Recipe.swift in Sources */,
				1F7C0655267527B900923DA4 /* RecipeModel.swift in Sources */,
				1F7C063F2675249A00923DA4 /* ContentView.swift in Sources */,
				1F7C063D2675249A00923DA4 /* RecipeAppApp.swift in Sources */,
				1F7C065926753F6000923DA4 /* RecipeDetail.swift in Sources */,
				1F7C06572675340400923DA4 /* DataService.swift in Sources */,
				1FD83F57268688E2005132E3 /* RecipeTabView.swift in Sources */,
			);
			runOnlyForDeploymentPostprocessing = 0;
		};
/* End PBXSourcesBuildPhase section */

/* Begin XCBuildConfiguration section */
		1F7C06462675249B00923DA4 /* Debug */ = {
			isa = XCBuildConfiguration;
			buildSettings = {
				ALWAYS_SEARCH_USER_PATHS = NO;
				CLANG_ANALYZER_NONNULL = YES;
				CLANG_ANALYZER_NUMBER_OBJECT_CONVERSION = YES_AGGRESSIVE;
				CLANG_CXX_LANGUAGE_STANDARD = "gnu++14";
				CLANG_CXX_LIBRARY = "libc++";
				CLANG_ENABLE_MODULES = YES;
				CLANG_ENABLE_OBJC_ARC = YES;
				CLANG_ENABLE_OBJC_WEAK = YES;
				CLANG_WARN_BLOCK_CAPTURE_AUTORELEASING = YES;
				CLANG_WARN_BOOL_CONVERSION = YES;
				CLANG_WARN_COMMA = YES;
				CLANG_WARN_CONSTANT_CONVERSION = YES;
				CLANG_WARN_DEPRECATED_OBJC_IMPLEMENTATIONS = YES;
				CLANG_WARN_DIRECT_OBJC_ISA_USAGE = YES_ERROR;
				CLANG_WARN_DOCUMENTATION_COMMENTS = YES;
				CLANG_WARN_EMPTY_BODY = YES;
				CLANG_WARN_ENUM_CONVERSION = YES;
				CLANG_WARN_INFINITE_RECURSION = YES;
				CLANG_WARN_INT_CONVERSION = YES;
				CLANG_WARN_NON_LITERAL_NULL_CONVERSION = YES;
				CLANG_WARN_OBJC_IMPLICIT_RETAIN_SELF = YES;
				CLANG_WARN_OBJC_LITERAL_CONVERSION = YES;
				CLANG_WARN_OBJC_ROOT_CLASS = YES_ERROR;
				CLANG_WARN_QUOTED_INCLUDE_IN_FRAMEWORK_HEADER = YES;
				CLANG_WARN_RANGE_LOOP_ANALYSIS = YES;
				CLANG_WARN_STRICT_PROTOTYPES = YES;
				CLANG_WARN_SUSPICIOUS_MOVE = YES;
				CLANG_WARN_UNGUARDED_AVAILABILITY = YES_AGGRESSIVE;
				CLANG_WARN_UNREACHABLE_CODE = YES;
				CLANG_WARN__DUPLICATE_METHOD_MATCH = YES;
				COPY_PHASE_STRIP = NO;
				DEBUG_INFORMATION_FORMAT = dwarf;
				ENABLE_STRICT_OBJC_MSGSEND = YES;
				ENABLE_TESTABILITY = YES;
				GCC_C_LANGUAGE_STANDARD = gnu11;
				GCC_DYNAMIC_NO_PIC = NO;
				GCC_NO_COMMON_BLOCKS = YES;
				GCC_OPTIMIZATION_LEVEL = 0;
				GCC_PREPROCESSOR_DEFINITIONS = (
					"DEBUG=1",
					"$(inherited)",
				);
				GCC_WARN_64_TO_32_BIT_CONVERSION = YES;
				GCC_WARN_ABOUT_RETURN_TYPE = YES_ERROR;
				GCC_WARN_UNDECLARED_SELECTOR = YES;
				GCC_WARN_UNINITIALIZED_AUTOS = YES_AGGRESSIVE;
				GCC_WARN_UNUSED_FUNCTION = YES;
				GCC_WARN_UNUSED_VARIABLE = YES;
				IPHONEOS_DEPLOYMENT_TARGET = 14.5;
				MTL_ENABLE_DEBUG_INFO = INCLUDE_SOURCE;
				MTL_FAST_MATH = YES;
				ONLY_ACTIVE_ARCH = YES;
				SDKROOT = iphoneos;
				SWIFT_ACTIVE_COMPILATION_CONDITIONS = DEBUG;
				SWIFT_OPTIMIZATION_LEVEL = "-Onone";
			};
			name = Debug;
		};
		1F7C06472675249B00923DA4 /* Release */ = {
			isa = XCBuildConfiguration;
			buildSettings = {
				ALWAYS_SEARCH_USER_PATHS = NO;
				CLANG_ANALYZER_NONNULL = YES;
				CLANG_ANALYZER_NUMBER_OBJECT_CONVERSION = YES_AGGRESSIVE;
				CLANG_CXX_LANGUAGE_STANDARD = "gnu++14";
				CLANG_CXX_LIBRARY = "libc++";
				CLANG_ENABLE_MODULES = YES;
				CLANG_ENABLE_OBJC_ARC = YES;
				CLANG_ENABLE_OBJC_WEAK = YES;
				CLANG_WARN_BLOCK_CAPTURE_AUTORELEASING = YES;
				CLANG_WARN_BOOL_CONVERSION = YES;
				CLANG_WARN_COMMA = YES;
				CLANG_WARN_CONSTANT_CONVERSION = YES;
				CLANG_WARN_DEPRECATED_OBJC_IMPLEMENTATIONS = YES;
				CLANG_WARN_DIRECT_OBJC_ISA_USAGE = YES_ERROR;
				CLANG_WARN_DOCUMENTATION_COMMENTS = YES;
				CLANG_WARN_EMPTY_BODY = YES;
				CLANG_WARN_ENUM_CONVERSION = YES;
				CLANG_WARN_INFINITE_RECURSION = YES;
				CLANG_WARN_INT_CONVERSION = YES;
				CLANG_WARN_NON_LITERAL_NULL_CONVERSION = YES;
				CLANG_WARN_OBJC_IMPLICIT_RETAIN_SELF = YES;
				CLANG_WARN_OBJC_LITERAL_CONVERSION = YES;
				CLANG_WARN_OBJC_ROOT_CLASS = YES_ERROR;
				CLANG_WARN_QUOTED_INCLUDE_IN_FRAMEWORK_HEADER = YES;
				CLANG_WARN_RANGE_LOOP_ANALYSIS = YES;
				CLANG_WARN_STRICT_PROTOTYPES = YES;
				CLANG_WARN_SUSPICIOUS_MOVE = YES;
				CLANG_WARN_UNGUARDED_AVAILABILITY = YES_AGGRESSIVE;
				CLANG_WARN_UNREACHABLE_CODE = YES;
				CLANG_WARN__DUPLICATE_METHOD_MATCH = YES;
				COPY_PHASE_STRIP = NO;
				DEBUG_INFORMATION_FORMAT = "dwarf-with-dsym";
				ENABLE_NS_ASSERTIONS = NO;
				ENABLE_STRICT_OBJC_MSGSEND = YES;
				GCC_C_LANGUAGE_STANDARD = gnu11;
				GCC_NO_COMMON_BLOCKS = YES;
				GCC_WARN_64_TO_32_BIT_CONVERSION = YES;
				GCC_WARN_ABOUT_RETURN_TYPE = YES_ERROR;
				GCC_WARN_UNDECLARED_SELECTOR = YES;
				GCC_WARN_UNINITIALIZED_AUTOS = YES_AGGRESSIVE;
				GCC_WARN_UNUSED_FUNCTION = YES;
				GCC_WARN_UNUSED_VARIABLE = YES;
				IPHONEOS_DEPLOYMENT_TARGET = 14.5;
				MTL_ENABLE_DEBUG_INFO = NO;
				MTL_FAST_MATH = YES;
				SDKROOT = iphoneos;
				SWIFT_COMPILATION_MODE = wholemodule;
				SWIFT_OPTIMIZATION_LEVEL = "-O";
				VALIDATE_PRODUCT = YES;
			};
			name = Release;
		};
		1F7C06492675249B00923DA4 /* Debug */ = {
			isa = XCBuildConfiguration;
			buildSettings = {
				ASSETCATALOG_COMPILER_APPICON_NAME = AppIcon;
				ASSETCATALOG_COMPILER_GLOBAL_ACCENT_COLOR_NAME = AccentColor;
				CODE_SIGN_STYLE = Automatic;
				DEVELOPMENT_ASSET_PATHS = "\"RecipeApp/Preview Content\"";
				DEVELOPMENT_TEAM = BPK26F2WAQ;
				ENABLE_PREVIEWS = YES;
				INFOPLIST_FILE = RecipeApp/Info.plist;
				IPHONEOS_DEPLOYMENT_TARGET = 14.0;
				LD_RUNPATH_SEARCH_PATHS = (
					"$(inherited)",
					"@executable_path/Frameworks",
				);
				PRODUCT_BUNDLE_IDENTIFIER = "scott-koons.RecipeApp";
				PRODUCT_NAME = "$(TARGET_NAME)";
				SWIFT_VERSION = 5.0;
				TARGETED_DEVICE_FAMILY = "1,2";
			};
			name = Debug;
		};
		1F7C064A2675249B00923DA4 /* Release */ = {
			isa = XCBuildConfiguration;
			buildSettings = {
				ASSETCATALOG_COMPILER_APPICON_NAME = AppIcon;
				ASSETCATALOG_COMPILER_GLOBAL_ACCENT_COLOR_NAME = AccentColor;
				CODE_SIGN_STYLE = Automatic;
				DEVELOPMENT_ASSET_PATHS = "\"RecipeApp/Preview Content\"";
				DEVELOPMENT_TEAM = BPK26F2WAQ;
				ENABLE_PREVIEWS = YES;
				INFOPLIST_FILE = RecipeApp/Info.plist;
				IPHONEOS_DEPLOYMENT_TARGET = 14.0;
				LD_RUNPATH_SEARCH_PATHS = (
					"$(inherited)",
					"@executable_path/Frameworks",
				);
				PRODUCT_BUNDLE_IDENTIFIER = "scott-koons.RecipeApp";
				PRODUCT_NAME = "$(TARGET_NAME)";
				SWIFT_VERSION = 5.0;
				TARGETED_DEVICE_FAMILY = "1,2";
			};
			name = Release;
		};
/* End XCBuildConfiguration section */

/* Begin XCConfigurationList section */
		1F7C06342675249A00923DA4 /* Build configuration list for PBXProject "RecipeApp" */ = {
			isa = XCConfigurationList;
			buildConfigurations = (
				1F7C06462675249B00923DA4 /* Debug */,
				1F7C06472675249B00923DA4 /* Release */,
			);
			defaultConfigurationIsVisible = 0;
			defaultConfigurationName = Release;
		};
		1F7C06482675249B00923DA4 /* Build configuration list for PBXNativeTarget "RecipeApp" */ = {
			isa = XCConfigurationList;
			buildConfigurations = (
				1F7C06492675249B00923DA4 /* Debug */,
				1F7C064A2675249B00923DA4 /* Release */,
			);
			defaultConfigurationIsVisible = 0;
			defaultConfigurationName = Release;
		};
/* End XCConfigurationList section */
	};
	rootObject = 1F7C06312675249A00923DA4 /* Project object */;
}
